<!-- Copied to the mirror's root as NE.Standard.UI.DataGrid.slnx; its paths only resolve there, not from here. -->
<Solution>
  <Folder Name="/src/">
    <File Path="src/Directory.Build.props" />
    <Project Path="src/NE.Standard.UI.DataGrid/NE.Standard.UI.DataGrid.csproj" />
    <Project Path="src/NE.Standard.UI.Web.DataGrid/NE.Standard.UI.Web.DataGrid.csproj" />
  </Folder>

  <Folder Name="/examples/">
    <Project Path="examples/DemoApp.DataGrid/DemoApp.DataGrid.csproj" />
    <Project Path="examples/DemoApp.DataGrid.Web/DemoApp.DataGrid.Web.csproj" />
  </Folder>

  <Folder Name="/solution/">
    <File Path=".editorconfig" />
    <File Path="global.json" />
    <File Path="Directory.Build.props" />
    <File Path=".gitattributes" />
    <File Path=".gitignore" />
    <File Path="LICENSE.md" />
    <File Path="README.md" />
    <File Path="CHANGELOG.md" />
  </Folder>
</Solution>
